Microsoft Visual Studio Solution File, Format Version 12.00
# Visual Studio Version 17
VisualStudioVersion = 17.9.34723.18
MinimumVisualStudioVersion = 10.0.40219.1
Project("{FAE04EC0-301F-11D3-BF4B-00C04F79EFBC}") = "RaiderPregnancyControl", "RaiderPregnancyControl.csproj", "{342C213A-35E0-4061-A936-45C4CCB87179}"
EndProject
Global
	GlobalSection(SolutionConfigurationPlatforms) = preSolution
		Debug|Any CPU = Debug|Any CPU
		Release|Any CPU = Release|Any CPU
	EndGlobalSection
	GlobalSection(ProjectConfigurationPlatforms) = postSolution
		{342C213A-35E0-4061-A936-45C4CCB87179}.Debug|Any CPU.ActiveCfg = Debug|Any CPU
		{342C213A-35E0-4061-A936-45C4CCB87179}.Debug|Any CPU.Build.0 = Debug|Any CPU
		{342C213A-35E0-4061-A936-45C4CCB87179}.Release|Any CPU.ActiveCfg = Release|Any CPU
		{342C213A-35E0-4061-A936-45C4CCB87179}.Release|Any CPU.Build.0 = Release|Any CPU
	EndGlobalSection
	GlobalSection(SolutionProperties) = preSolution
		HideSolutionNode = FALSE
	EndGlobalSection
	GlobalSection(ExtensibilityGlobals) = postSolution
		SolutionGuid = {42D3AE94-2441-435C-8D9F-545DAD280AFD}
	EndGlobalSection
EndGlobal
